
Microsoft Visual Studio Solution File, Format Version 12.00
# Visual Studio Version 17
VisualStudioVersion = 17.0.31912.275
MinimumVisualStudioVersion = 10.0.40219.1
Project("{FAE04EC0-301F-11D3-BF4B-00C04F79EFBC}") = "ACFW_AAD.View", "ACFW_AAD.View\ACFW_AAD.View.csproj", "{B04EEC5C-95F8-4AD5-800E-F07DD3BE6058}"
EndProject
Project("{FAE04EC0-301F-11D3-BF4B-00C04F79EFBC}") = "ACFW_AAD.BELayer", "ACFW_AAD.BELayer\ACFW_AAD.BELayer.csproj", "{FD8CE967-0DC6-44B3-85E2-1C64FA92983E}"
EndProject
Project("{FAE04EC0-301F-11D3-BF4B-00C04F79EFBC}") = "ACFW_AAD.BALayer", "ACFW_AAD.BALayer\ACFW_AAD.BALayer.csproj", "{77303120-D68D-4010-B7B1-8C041442FE0C}"
EndProject
Project("{FAE04EC0-301F-11D3-BF4B-00C04F79EFBC}") = "ACFW_AAD.DALayer", "ACFW_AAD.DALayer\ACFW_AAD.DALayer.csproj", "{AEE51E70-8B76-4FBD-AD1C-494E9098CC38}"
EndProject
Global
	GlobalSection(SolutionConfigurationPlatforms) = preSolution
		Debug|Any CPU = Debug|Any CPU
		Release|Any CPU = Release|Any CPU
	EndGlobalSection
	GlobalSection(ProjectConfigurationPlatforms) = postSolution
		{B04EEC5C-95F8-4AD5-800E-F07DD3BE6058}.Debug|Any CPU.ActiveCfg = Debug|Any CPU
		{B04EEC5C-95F8-4AD5-800E-F07DD3BE6058}.Debug|Any CPU.Build.0 = Debug|Any CPU
		{B04EEC5C-95F8-4AD5-800E-F07DD3BE6058}.Release|Any CPU.ActiveCfg = Release|Any CPU
		{B04EEC5C-95F8-4AD5-800E-F07DD3BE6058}.Release|Any CPU.Build.0 = Release|Any CPU
		{FD8CE967-0DC6-44B3-85E2-1C64FA92983E}.Debug|Any CPU.ActiveCfg = Debug|Any CPU
		{FD8CE967-0DC6-44B3-85E2-1C64FA92983E}.Debug|Any CPU.Build.0 = Debug|Any CPU
		{FD8CE967-0DC6-44B3-85E2-1C64FA92983E}.Release|Any CPU.ActiveCfg = Release|Any CPU
		{FD8CE967-0DC6-44B3-85E2-1C64FA92983E}.Release|Any CPU.Build.0 = Release|Any CPU
		{77303120-D68D-4010-B7B1-8C041442FE0C}.Debug|Any CPU.ActiveCfg = Debug|Any CPU
		{77303120-D68D-4010-B7B1-8C041442FE0C}.Debug|Any CPU.Build.0 = Debug|Any CPU
		{77303120-D68D-4010-B7B1-8C041442FE0C}.Release|Any CPU.ActiveCfg = Release|Any CPU
		{77303120-D68D-4010-B7B1-8C041442FE0C}.Release|Any CPU.Build.0 = Release|Any CPU
		{AEE51E70-8B76-4FBD-AD1C-494E9098CC38}.Debug|Any CPU.ActiveCfg = Debug|Any CPU
		{AEE51E70-8B76-4FBD-AD1C-494E9098CC38}.Debug|Any CPU.Build.0 = Debug|Any CPU
		{AEE51E70-8B76-4FBD-AD1C-494E9098CC38}.Release|Any CPU.ActiveCfg = Release|Any CPU
		{AEE51E70-8B76-4FBD-AD1C-494E9098CC38}.Release|Any CPU.Build.0 = Release|Any CPU
	EndGlobalSection
	GlobalSection(SolutionProperties) = preSolution
		HideSolutionNode = FALSE
	EndGlobalSection
	GlobalSection(ExtensibilityGlobals) = postSolution
		SolutionGuid = {79DFEBE8-454A-40A6-9621-25FC4513DFDA}
	EndGlobalSection
EndGlobal
